
Microsoft Visual Studio Solution File, Format Version 12.00
# Visual Studio Version 17
VisualStudioVersion = 17.7.34221.43
MinimumVisualStudioVersion = 10.0.40219.1
Project("{9A19103F-16F7-4668-BE54-9A1E7A4F7556}") = "AvaMusicStore", "AvaMusicStore\AvaMusicStore.csproj", "{6B07A1D4-B624-4C06-A1C9-0D65331194B2}"
EndProject
Project("{FAE04EC0-301F-11D3-BF4B-00C04F79EFBC}") = "WpfApplication1", "WpfApplication1\WpfApplication1.csproj", "{C4EBF4B9-74CC-4CD6-B73D-72C77BCA6FAF}"
EndProject
Global
	GlobalSection(SolutionConfigurationPlatforms) = preSolution
		Debug|Any CPU = Debug|Any CPU
		Release|Any CPU = Release|Any CPU
	EndGlobalSection
	GlobalSection(ProjectConfigurationPlatforms) = postSolution
		{6B07A1D4-B624-4C06-A1C9-0D65331194B2}.Debug|Any CPU.ActiveCfg = Debug|Any CPU
		{6B07A1D4-B624-4C06-A1C9-0D65331194B2}.Debug|Any CPU.Build.0 = Debug|Any CPU
		{6B07A1D4-B624-4C06-A1C9-0D65331194B2}.Release|Any CPU.ActiveCfg = Release|Any CPU
		{6B07A1D4-B624-4C06-A1C9-0D65331194B2}.Release|Any CPU.Build.0 = Release|Any CPU
		{C4EBF4B9-74CC-4CD6-B73D-72C77BCA6FAF}.Debug|Any CPU.ActiveCfg = Debug|Any CPU
		{C4EBF4B9-74CC-4CD6-B73D-72C77BCA6FAF}.Debug|Any CPU.Build.0 = Debug|Any CPU
		{C4EBF4B9-74CC-4CD6-B73D-72C77BCA6FAF}.Release|Any CPU.ActiveCfg = Release|Any CPU
		{C4EBF4B9-74CC-4CD6-B73D-72C77BCA6FAF}.Release|Any CPU.Build.0 = Release|Any CPU
	EndGlobalSection
	GlobalSection(SolutionProperties) = preSolution
		HideSolutionNode = FALSE
	EndGlobalSection
EndGlobal
